
Microsoft Visual Studio Solution File, Format Version 12.00
# Visual Studio Version 16
VisualStudioVersion = 16.0.30717.126
MinimumVisualStudioVersion = 10.0.40219.1
Project("{FAE04EC0-301F-11D3-BF4B-00C04F79EFBC}") = "Lab_Final", "Lab_Final\Lab_Final.csproj", "{28058EA0-3C0C-4CDD-9801-F6FEC81B1D00}"
EndProject
Global
	GlobalSection(SolutionConfigurationPlatforms) = preSolution
		Debug|Any CPU = Debug|Any CPU
		Release|Any CPU = Release|Any CPU
	EndGlobalSection
	GlobalSection(ProjectConfigurationPlatforms) = postSolution
		{28058EA0-3C0C-4CDD-9801-F6FEC81B1D00}.Debug|Any CPU.ActiveCfg = Debug|Any CPU
		{28058EA0-3C0C-4CDD-9801-F6FEC81B1D00}.Debug|Any CPU.Build.0 = Debug|Any CPU
		{28058EA0-3C0C-4CDD-9801-F6FEC81B1D00}.Release|Any CPU.ActiveCfg = Release|Any CPU
		{28058EA0-3C0C-4CDD-9801-F6FEC81B1D00}.Release|Any CPU.Build.0 = Release|Any CPU
	EndGlobalSection
	GlobalSection(SolutionProperties) = preSolution
		HideSolutionNode = FALSE
	EndGlobalSection
	GlobalSection(ExtensibilityGlobals) = postSolution
		SolutionGuid = {F579C44A-F500-4E6B-911F-211EB1D434F5}
	EndGlobalSection
EndGlobal
