
Microsoft Visual Studio Solution File, Format Version 12.00
# Visual Studio Version 16
VisualStudioVersion = 16.0.30011.22
MinimumVisualStudioVersion = 10.0.40219.1
Project("{FAE04EC0-301F-11D3-BF4B-00C04F79EFBC}") = "Task1", "Task1\Task1.csproj", "{D33C62B5-E42C-424C-8C5B-44E01DC7435F}"
EndProject
Global
	GlobalSection(SolutionConfigurationPlatforms) = preSolution
		Debug|Any CPU = Debug|Any CPU
		Release|Any CPU = Release|Any CPU
	EndGlobalSection
	GlobalSection(ProjectConfigurationPlatforms) = postSolution
		{D33C62B5-E42C-424C-8C5B-44E01DC7435F}.Debug|Any CPU.ActiveCfg = Debug|Any CPU
		{D33C62B5-E42C-424C-8C5B-44E01DC7435F}.Debug|Any CPU.Build.0 = Debug|Any CPU
		{D33C62B5-E42C-424C-8C5B-44E01DC7435F}.Release|Any CPU.ActiveCfg = Release|Any CPU
		{D33C62B5-E42C-424C-8C5B-44E01DC7435F}.Release|Any CPU.Build.0 = Release|Any CPU
	EndGlobalSection
	GlobalSection(SolutionProperties) = preSolution
		HideSolutionNode = FALSE
	EndGlobalSection
	GlobalSection(ExtensibilityGlobals) = postSolution
		SolutionGuid = {FCB4FD36-CA87-4A35-8779-879F2189B71E}
	EndGlobalSection
EndGlobal
