
Microsoft Visual Studio Solution File, Format Version 12.00
# Visual Studio Version 16
VisualStudioVersion = 16.0.30717.126
MinimumVisualStudioVersion = 10.0.40219.1
Project("{FAE04EC0-301F-11D3-BF4B-00C04F79EFBC}") = "ListBox", "ListBox\ListBox.csproj", "{0D478282-0E1A-4A4C-96EF-BC91D27C83A6}"
EndProject
Global
	GlobalSection(SolutionConfigurationPlatforms) = preSolution
		Debug|Any CPU = Debug|Any CPU
		Release|Any CPU = Release|Any CPU
	EndGlobalSection
	GlobalSection(ProjectConfigurationPlatforms) = postSolution
		{0D478282-0E1A-4A4C-96EF-BC91D27C83A6}.Debug|Any CPU.ActiveCfg = Debug|Any CPU
		{0D478282-0E1A-4A4C-96EF-BC91D27C83A6}.Debug|Any CPU.Build.0 = Debug|Any CPU
		{0D478282-0E1A-4A4C-96EF-BC91D27C83A6}.Release|Any CPU.ActiveCfg = Release|Any CPU
		{0D478282-0E1A-4A4C-96EF-BC91D27C83A6}.Release|Any CPU.Build.0 = Release|Any CPU
	EndGlobalSection
	GlobalSection(SolutionProperties) = preSolution
		HideSolutionNode = FALSE
	EndGlobalSection
	GlobalSection(ExtensibilityGlobals) = postSolution
		SolutionGuid = {170D9E52-2EF0-4903-BCF6-B35C9BD3D202}
	EndGlobalSection
EndGlobal
